
Microsoft Visual Studio Solution File, Format Version 12.00
# Visual Studio Version 17
VisualStudioVersion = 17.5.33530.505
MinimumVisualStudioVersion = 10.0.40219.1
Project("{FAE04EC0-301F-11D3-BF4B-00C04F79EFBC}") = "CheckDataLibrary", "CheckDataLibrary\CheckDataLibrary.csproj", "{590AFE02-AAF4-42AE-B03A-D1DBD155EB59}"
EndProject
Project("{FAE04EC0-301F-11D3-BF4B-00C04F79EFBC}") = "CheckDataLibraryTests", "CheckDataLibraryTests\CheckDataLibraryTests.csproj", "{7A7DB4C8-9F09-4DFB-A34B-AC24F255A6F6}"
EndProject
Project("{FAE04EC0-301F-11D3-BF4B-00C04F79EFBC}") = "ConsoleApp1", "ConsoleApp1\ConsoleApp1.csproj", "{AB3C0220-509E-4900-8FAB-261FD4396C48}"
EndProject
Global
	GlobalSection(SolutionConfigurationPlatforms) = preSolution
		Debug|Any CPU = Debug|Any CPU
		Release|Any CPU = Release|Any CPU
	EndGlobalSection
	GlobalSection(ProjectConfigurationPlatforms) = postSolution
		{590AFE02-AAF4-42AE-B03A-D1DBD155EB59}.Debug|Any CPU.ActiveCfg = Debug|Any CPU
		{590AFE02-AAF4-42AE-B03A-D1DBD155EB59}.Debug|Any CPU.Build.0 = Debug|Any CPU
		{590AFE02-AAF4-42AE-B03A-D1DBD155EB59}.Release|Any CPU.ActiveCfg = Release|Any CPU
		{590AFE02-AAF4-42AE-B03A-D1DBD155EB59}.Release|Any CPU.Build.0 = Release|Any CPU
		{7A7DB4C8-9F09-4DFB-A34B-AC24F255A6F6}.Debug|Any CPU.ActiveCfg = Debug|Any CPU
		{7A7DB4C8-9F09-4DFB-A34B-AC24F255A6F6}.Debug|Any CPU.Build.0 = Debug|Any CPU
		{7A7DB4C8-9F09-4DFB-A34B-AC24F255A6F6}.Release|Any CPU.ActiveCfg = Release|Any CPU
		{7A7DB4C8-9F09-4DFB-A34B-AC24F255A6F6}.Release|Any CPU.Build.0 = Release|Any CPU
		{AB3C0220-509E-4900-8FAB-261FD4396C48}.Debug|Any CPU.ActiveCfg = Debug|Any CPU
		{AB3C0220-509E-4900-8FAB-261FD4396C48}.Debug|Any CPU.Build.0 = Debug|Any CPU
		{AB3C0220-509E-4900-8FAB-261FD4396C48}.Release|Any CPU.ActiveCfg = Release|Any CPU
		{AB3C0220-509E-4900-8FAB-261FD4396C48}.Release|Any CPU.Build.0 = Release|Any CPU
	EndGlobalSection
	GlobalSection(SolutionProperties) = preSolution
		HideSolutionNode = FALSE
	EndGlobalSection
	GlobalSection(ExtensibilityGlobals) = postSolution
		SolutionGuid = {78207F64-1F8E-41DB-9489-DE722BB3A8F1}
	EndGlobalSection
EndGlobal
